
Microsoft Visual Studio Solution File, Format Version 12.00
# Visual Studio Version 16
VisualStudioVersion = 16.0.29306.81
MinimumVisualStudioVersion = 10.0.40219.1
Project("{FAE04EC0-301F-11D3-BF4B-00C04F79EFBC}") = "ch10", "ch10\ch10.csproj", "{51A22C62-2586-4522-8A1B-EFAF60A95508}"
EndProject
Global
	GlobalSection(SolutionConfigurationPlatforms) = preSolution
		Debug|Any CPU = Debug|Any CPU
		Release|Any CPU = Release|Any CPU
	EndGlobalSection
	GlobalSection(ProjectConfigurationPlatforms) = postSolution
		{51A22C62-2586-4522-8A1B-EFAF60A95508}.Debug|Any CPU.ActiveCfg = Debug|Any CPU
		{51A22C62-2586-4522-8A1B-EFAF60A95508}.Debug|Any CPU.Build.0 = Debug|Any CPU
		{51A22C62-2586-4522-8A1B-EFAF60A95508}.Release|Any CPU.ActiveCfg = Release|Any CPU
		{51A22C62-2586-4522-8A1B-EFAF60A95508}.Release|Any CPU.Build.0 = Release|Any CPU
	EndGlobalSection
	GlobalSection(SolutionProperties) = preSolution
		HideSolutionNode = FALSE
	EndGlobalSection
	GlobalSection(ExtensibilityGlobals) = postSolution
		SolutionGuid = {D071B95B-96A2-44DB-8133-CB434F33D881}
	EndGlobalSection
EndGlobal
