
Microsoft Visual Studio Solution File, Format Version 12.00
# Visual Studio Version 16
VisualStudioVersion = 16.0.29306.81
MinimumVisualStudioVersion = 10.0.40219.1
Project("{FAE04EC0-301F-11D3-BF4B-00C04F79EFBC}") = "ch4", "ch4\ch4.csproj", "{F36C66BF-B7E3-4709-90CC-96C465E69F10}"
EndProject
Global
	GlobalSection(SolutionConfigurationPlatforms) = preSolution
		Debug|Any CPU = Debug|Any CPU
		Release|Any CPU = Release|Any CPU
	EndGlobalSection
	GlobalSection(ProjectConfigurationPlatforms) = postSolution
		{F36C66BF-B7E3-4709-90CC-96C465E69F10}.Debug|Any CPU.ActiveCfg = Debug|Any CPU
		{F36C66BF-B7E3-4709-90CC-96C465E69F10}.Debug|Any CPU.Build.0 = Debug|Any CPU
		{F36C66BF-B7E3-4709-90CC-96C465E69F10}.Release|Any CPU.ActiveCfg = Release|Any CPU
		{F36C66BF-B7E3-4709-90CC-96C465E69F10}.Release|Any CPU.Build.0 = Release|Any CPU
	EndGlobalSection
	GlobalSection(SolutionProperties) = preSolution
		HideSolutionNode = FALSE
	EndGlobalSection
	GlobalSection(ExtensibilityGlobals) = postSolution
		SolutionGuid = {E6058FCE-AA8B-4AD2-9166-F2D7F13EDC7D}
	EndGlobalSection
EndGlobal
