
Microsoft Visual Studio Solution File, Format Version 12.00
# Visual Studio Version 16
VisualStudioVersion = 16.0.29306.81
MinimumVisualStudioVersion = 10.0.40219.1
Project("{FAE04EC0-301F-11D3-BF4B-00C04F79EFBC}") = "kbs_가위바위보", "kbs_가위바위보\kbs_가위바위보.csproj", "{8A67FF71-BC66-4EF9-8DDC-88E4EB2CA904}"
EndProject
Global
	GlobalSection(SolutionConfigurationPlatforms) = preSolution
		Debug|Any CPU = Debug|Any CPU
		Release|Any CPU = Release|Any CPU
	EndGlobalSection
	GlobalSection(ProjectConfigurationPlatforms) = postSolution
		{8A67FF71-BC66-4EF9-8DDC-88E4EB2CA904}.Debug|Any CPU.ActiveCfg = Debug|Any CPU
		{8A67FF71-BC66-4EF9-8DDC-88E4EB2CA904}.Debug|Any CPU.Build.0 = Debug|Any CPU
		{8A67FF71-BC66-4EF9-8DDC-88E4EB2CA904}.Release|Any CPU.ActiveCfg = Release|Any CPU
		{8A67FF71-BC66-4EF9-8DDC-88E4EB2CA904}.Release|Any CPU.Build.0 = Release|Any CPU
	EndGlobalSection
	GlobalSection(SolutionProperties) = preSolution
		HideSolutionNode = FALSE
	EndGlobalSection
	GlobalSection(ExtensibilityGlobals) = postSolution
		SolutionGuid = {9182188D-98B9-4A04-AF51-3DAE1E9A091F}
	EndGlobalSection
EndGlobal
