
Microsoft Visual Studio Solution File, Format Version 12.00
# Visual Studio Version 16
VisualStudioVersion = 16.0.29306.81
MinimumVisualStudioVersion = 10.0.40219.1
Project("{FAE04EC0-301F-11D3-BF4B-00C04F79EFBC}") = "ksb254", "ksb254\ksb254.csproj", "{20ED473B-76BE-407E-A2A9-ABF06176E211}"
EndProject
Global
	GlobalSection(SolutionConfigurationPlatforms) = preSolution
		Debug|Any CPU = Debug|Any CPU
		Release|Any CPU = Release|Any CPU
	EndGlobalSection
	GlobalSection(ProjectConfigurationPlatforms) = postSolution
		{20ED473B-76BE-407E-A2A9-ABF06176E211}.Debug|Any CPU.ActiveCfg = Debug|Any CPU
		{20ED473B-76BE-407E-A2A9-ABF06176E211}.Debug|Any CPU.Build.0 = Debug|Any CPU
		{20ED473B-76BE-407E-A2A9-ABF06176E211}.Release|Any CPU.ActiveCfg = Release|Any CPU
		{20ED473B-76BE-407E-A2A9-ABF06176E211}.Release|Any CPU.Build.0 = Release|Any CPU
	EndGlobalSection
	GlobalSection(SolutionProperties) = preSolution
		HideSolutionNode = FALSE
	EndGlobalSection
	GlobalSection(ExtensibilityGlobals) = postSolution
		SolutionGuid = {E605BFA1-CFCB-418E-8877-D2242A9FBC19}
	EndGlobalSection
EndGlobal
